{
  "originHash" : "fd040fef731eb0c942e495f78f345f5e513de3b0b201fdb14b0f180f7f8acc5c",
  "pins" : [
    {
      "identity" : "down",
      "kind" : "remoteSourceControl",
      "location" : "https://github.com/johnxnguyen/Down.git",
      "state" : {
        "branch" : "master",
        "revision" : "e754ab1c80920dd51a8e08290c912ac1c2ac8b58"
      }
    },
    {
      "identity" : "generative-ai-swift",
      "kind" : "remoteSourceControl",
      "location" : "https://github.com/google/generative-ai-swift",
      "state" : {
        "revision" : "5d750b80651da9721c37c5eb1fc0b6750d1884d3",
        "version" : "0.5.3"
      }
    },
    {
      "identity" : "openaiswift",
      "kind" : "remoteSourceControl",
      "location" : "https://github.com/adamrushy/OpenAISwift.git",
      "state" : {
        "revision" : "ca66fb720d6ebb657601db5a0852b830ae310a4c",
        "version" : "1.4.1"
      }
    },
    {
      "identity" : "swiftanthropic",
      "kind" : "remoteSourceControl",
      "location" : "https://github.com/jamesrochabrun/SwiftAnthropic",
      "state" : {
        "revision" : "7fecba04ab44cf2acacc239f4198facf1b072df3",
        "version" : "1.6.0"
      }
    }
  ],
  "version" : 3
}
